{
  "object": {
    "pins": [
      {
        "package": "abseil",
        "repositoryURL": "https://github.com/google/abseil-cpp-binary.git",
        "state": {
          "branch": null,
          "revision": "748c7837511d0e6a507737353af268484e1745e2",
          "version": "1.2024011601.1"
        }
      },
      {
        "package": "Alamofire",
        "repositoryURL": "https://github.com/Alamofire/Alamofire",
        "state": {
          "branch": null,
          "revision": "723fa5a6c65812aec4a0d7cc432ee198883b6e00",
          "version": "5.9.0"
        }
      },
      {
        "package": "AppCheck",
        "repositoryURL": "https://github.com/google/app-check.git",
        "state": {
          "branch": null,
          "revision": "c218c2054299b15ae577e818bbba16084d3eabe6",
          "version": "10.18.2"
        }
      },
      {
        "package": "AppDevAnnouncements",
        "repositoryURL": "https://github.com/cuappdev/appdev-announcements",
        "state": {
          "branch": "master",
          "revision": "13a490d0982b02f489c7a76e3f03248de4c08e2c",
          "version": null
        }
      },
      {
        "package": "CollectionConcurrencyKit",
        "repositoryURL": "https://github.com/JohnSundell/CollectionConcurrencyKit.git",
        "state": {
          "branch": null,
          "revision": "b4f23e24b5a1bff301efc5e70871083ca029ff95",
          "version": "0.2.0"
        }
      },
      {
        "package": "CryptoSwift",
        "repositoryURL": "https://github.com/krzyzanowskim/CryptoSwift.git",
        "state": {
          "branch": null,
          "revision": "e45a26384239e028ec87fbcc788f513b67e10d8f",
          "version": "1.9.0"
        }
      },
      {
        "package": "Firebase",
        "repositoryURL": "https://github.com/firebase/firebase-ios-sdk",
        "state": {
          "branch": null,
          "revision": "42eae77a0af79e9c3f41df04a23c76f05cfdda77",
          "version": "10.24.0"
        }
      },
      {
        "package": "Fuse",
        "repositoryURL": "https://github.com/krisk/fuse-swift",
        "state": {
          "branch": null,
          "revision": "26ba868691b2d8b7bf2b1322951eb591be70ccca",
          "version": "1.4.0"
        }
      },
      {
        "package": "GoogleAppMeasurement",
        "repositoryURL": "https://github.com/google/GoogleAppMeasurement.git",
        "state": {
          "branch": null,
          "revision": "51ba746a9d51a4bd0774b68499b0c73ef6e8570d",
          "version": "10.24.0"
        }
      },
      {
        "package": "GoogleDataTransport",
        "repositoryURL": "https://github.com/google/GoogleDataTransport.git",
        "state": {
          "branch": null,
          "revision": "a637d318ae7ae246b02d7305121275bc75ed5565",
          "version": "9.4.0"
        }
      },
      {
        "package": "GoogleUtilities",
        "repositoryURL": "https://github.com/google/GoogleUtilities.git",
        "state": {
          "branch": null,
          "revision": "26c898aed8bed13b8a63057ee26500abbbcb8d55",
          "version": "7.13.1"
        }
      },
      {
        "package": "gRPC",
        "repositoryURL": "https://github.com/google/grpc-binary.git",
        "state": {
          "branch": null,
          "revision": "e9fad491d0673bdda7063a0341fb6b47a30c5359",
          "version": "1.62.2"
        }
      },
      {
        "package": "GTMSessionFetcher",
        "repositoryURL": "https://github.com/google/gtm-session-fetcher.git",
        "state": {
          "branch": null,
          "revision": "9534039303015a84837090d20fa21cae6e5eadb6",
          "version": "3.3.2"
        }
      },
      {
        "package": "Hero",
        "repositoryURL": "https://github.com/HeroTransitions/Hero",
        "state": {
          "branch": null,
          "revision": "b307e2d48d582118e5101d04f5187c91595a1095",
          "version": "1.6.3"
        }
      },
      {
        "package": "InteropForGoogle",
        "repositoryURL": "https://github.com/google/interop-ios-for-google-sdks.git",
        "state": {
          "branch": null,
          "revision": "2d12673670417654f08f5f90fdd62926dc3a2648",
          "version": "100.0.0"
        }
      },
      {
        "package": "Kingfisher",
        "repositoryURL": "https://github.com/onevcat/Kingfisher.git",
        "state": {
          "branch": null,
          "revision": "5b92f029fab2cce44386d28588098b5be0824ef5",
          "version": "7.11.0"
        }
      },
      {
        "package": "leveldb",
        "repositoryURL": "https://github.com/firebase/leveldb.git",
        "state": {
          "branch": null,
          "revision": "43aaef65e0c665daadf848761d560e446d350d3d",
          "version": "1.22.4"
        }
      },
      {
        "package": "nanopb",
        "repositoryURL": "https://github.com/firebase/nanopb.git",
        "state": {
          "branch": null,
          "revision": "b7e1104502eca3a213b46303391ca4d3bc8ddec1",
          "version": "2.30910.0"
        }
      },
      {
        "package": "Promises",
        "repositoryURL": "https://github.com/google/promises.git",
        "state": {
          "branch": null,
          "revision": "540318ecedd63d883069ae7f1ed811a2df00b6ac",
          "version": "2.4.0"
        }
      },
      {
        "package": "SnapKit",
        "repositoryURL": "https://github.com/SnapKit/SnapKit",
        "state": {
          "branch": null,
          "revision": "2842e6e84e82eb9a8dac0100ca90d9444b0307f4",
          "version": "5.7.1"
        }
      },
      {
        "package": "SourceKitten",
        "repositoryURL": "https://github.com/jpsim/SourceKitten.git",
        "state": {
          "branch": null,
          "revision": "731ffe6a35344a19bab00cdca1c952d5b4fee4d8",
          "version": "0.37.2"
        }
      },
      {
        "package": "swift-argument-parser",
        "repositoryURL": "https://github.com/apple/swift-argument-parser.git",
        "state": {
          "branch": null,
          "revision": "309a47b2b1d9b5e991f36961c983ecec72275be3",
          "version": "1.6.1"
        }
      },
      {
        "package": "swift-log",
        "repositoryURL": "https://github.com/apple/swift-log",
        "state": {
          "branch": null,
          "revision": "6fe203dc33195667ce1759bf0182975e4653ba1c",
          "version": "1.4.4"
        }
      },
      {
        "package": "SwiftProtobuf",
        "repositoryURL": "https://github.com/apple/swift-protobuf.git",
        "state": {
          "branch": null,
          "revision": "9f0c76544701845ad98716f3f6a774a892152bcb",
          "version": "1.26.0"
        }
      },
      {
        "package": "swift-syntax",
        "repositoryURL": "https://github.com/swiftlang/swift-syntax.git",
        "state": {
          "branch": null,
          "revision": "21b3b45635decd1a0b89968f81b6d9a93128f773",
          "version": "602.0.0-prerelease-2025-08-11"
        }
      },
      {
        "package": "SwiftLint",
        "repositoryURL": "https://github.com/realm/SwiftLint",
        "state": {
          "branch": null,
          "revision": "cc6fbaf355caf9ebe02c1b631a8edaa6df9145c5",
          "version": "0.61.0"
        }
      },
      {
        "package": "SwiftSoup",
        "repositoryURL": "https://github.com/scinfu/SwiftSoup",
        "state": {
          "branch": null,
          "revision": "028487d4a8a291b2fe1b4392b5425b6172056148",
          "version": "2.7.2"
        }
      },
      {
        "package": "SwiftyTextTable",
        "repositoryURL": "https://github.com/scottrhoyt/SwiftyTextTable.git",
        "state": {
          "branch": null,
          "revision": "c6df6cf533d120716bff38f8ff9885e1ce2a4ac3",
          "version": "0.9.0"
        }
      },
      {
        "package": "SWXMLHash",
        "repositoryURL": "https://github.com/drmohundro/SWXMLHash.git",
        "state": {
          "branch": null,
          "revision": "a853604c9e9a83ad9954c7e3d2a565273982471f",
          "version": "7.0.2"
        }
      },
      {
        "package": "Tactile",
        "repositoryURL": "https://github.com/delba/Tactile",
        "state": {
          "branch": "master",
          "revision": "e68399a54f471079293596c7e78cf71948481733",
          "version": null
        }
      },
      {
        "package": "Yams",
        "repositoryURL": "https://github.com/jpsim/Yams.git",
        "state": {
          "branch": null,
          "revision": "d41ba4e7164c0838c6d48351f7575f7f762151fe",
          "version": "6.1.0"
        }
      }
    ]
  },
  "version": 1
}
