{
  "object": {
    "pins": [
      {
        "package": "Alamofire",
        "repositoryURL": "https://github.com/Alamofire/Alamofire",
        "state": {
          "branch": null,
          "revision": "f82c23a8a7ef8dc1a49a8bfc6a96883e79121864",
          "version": "5.5.0"
        }
      },
      {
        "package": "Fuse",
        "repositoryURL": "https://github.com/krisk/fuse-swift",
        "state": {
          "branch": null,
          "revision": "26ba868691b2d8b7bf2b1322951eb591be70ccca",
          "version": "1.4.0"
        }
      },
      {
        "package": "Hero",
        "repositoryURL": "https://github.com/HeroTransitions/Hero",
        "state": {
          "branch": null,
          "revision": "efa709686035831b23b7bf58f652b0c4b892aa1d",
          "version": "1.6.1"
        }
      },
      {
        "package": "Kingfisher",
        "repositoryURL": "https://github.com/onevcat/Kingfisher.git",
        "state": {
          "branch": null,
          "revision": "0c02c46cfdc0656ce74fd0963a75e5000a0b7f23",
          "version": "7.1.2"
        }
      },
      {
        "package": "SnapKit",
        "repositoryURL": "https://github.com/SnapKit/SnapKit",
        "state": {
          "branch": null,
          "revision": "d458564516e5676af9c70b4f4b2a9178294f1bc6",
          "version": "5.0.1"
        }
      },
      {
        "package": "swift-argument-parser",
        "repositoryURL": "https://github.com/apple/swift-argument-parser.git",
        "state": {
          "branch": null,
          "revision": "e1465042f195f374b94f915ba8ca49de24300a0d",
          "version": "1.0.2"
        }
      },
      {
        "package": "swift-log",
        "repositoryURL": "https://github.com/apple/swift-log",
        "state": {
          "branch": null,
          "revision": "5d66f7ba25daf4f94100e7022febf3c75e37a6c7",
          "version": "1.4.2"
        }
      },
      {
        "package": "SwiftSoup",
        "repositoryURL": "https://github.com/scinfu/SwiftSoup",
        "state": {
          "branch": null,
          "revision": "45a7566f7ec2de0b977f28e825f8df874f210327",
          "version": "2.3.6"
        }
      },
      {
        "package": "Tactile",
        "repositoryURL": "https://github.com/delba/Tactile",
        "state": {
          "branch": "master",
          "revision": "e68399a54f471079293596c7e78cf71948481733",
          "version": null
        }
      }
    ]
  },
  "version": 1
}
