{
  "object": {
    "pins": [
      {
        "package": "swift-log",
        "repositoryURL": "https://github.com/apple/swift-log.git",
        "state": {
          "branch": null,
          "revision": "bbd81b6725ae874c69e9b8c8804d462356b55523",
          "version": "1.10.1"
        }
      }
    ]
  },
  "version": 1
}
